# THIS IS AN AUTOGENERATED FILE. DO NOT EDIT THIS FILE DIRECTLY.
# yarn lockfile v1


"@companion-module/base@^1.11.0", "@companion-module/base@~1.11.2":
  version "1.11.3"
  dependencies:
    ajv "^8.17.1"
    colord "^2.9.3"
    ejson "^2.2.3"
    eventemitter3 "^5.0.1"
    mimic-fn "^3.1.0"
    nanoid "^3.3.8"
    p-queue "^6.6.2"
    p-timeout "^4.1.0"
    tslib "^2.8.1"

"@companion-module/tools@^2.1.1":
  version "2.2.2"
  dependencies:
    "@eslint/js" "^9.19.0"
    eslint-config-prettier "^10.0.1"
    eslint-plugin-n "^17.15.1"
    eslint-plugin-prettier "^5.2.3"
    find-up "^7.0.0"
    parse-author "^2.0.0"
    semver "^7.7.1"
    tar "^7.4.3"
    webpack "^5.97.1"
    webpack-cli "^6.0.1"
    zx "^8.3.2"

"@discoveryjs/json-ext@^0.6.1":
  version "0.6.3"

"@eslint-community/eslint-utils@^4.1.2", "@eslint-community/eslint-utils@^4.5.0":
  version "4.5.1"
  dependencies:
    eslint-visitor-keys "^3.4.3"

"@eslint-community/eslint-utils@^4.2.0":
  version "4.4.0"
  dependencies:
    eslint-visitor-keys "^3.3.0"

"@eslint-community/regexpp@^4.11.0", "@eslint-community/regexpp@^4.12.1":
  version "4.12.1"

"@eslint/config-array@^0.20.0":
  version "0.20.0"
  dependencies:
    "@eslint/object-schema" "^2.1.6"
    debug "^4.3.1"
    minimatch "^3.1.2"

"@eslint/config-helpers@^0.2.0":
  version "0.2.1"

"@eslint/core@^0.12.0":
  version "0.12.0"
  dependencies:
    "@types/json-schema" "^7.0.15"

"@eslint/core@^0.13.0":
  version "0.13.0"
  dependencies:
    "@types/json-schema" "^7.0.15"

"@eslint/eslintrc@^3.3.1":
  version "3.3.1"
  dependencies:
    ajv "^6.12.4"
    debug "^4.3.2"
    espree "^10.0.1"
    globals "^14.0.0"
    ignore "^5.2.0"
    import-fresh "^3.2.1"
    js-yaml "^4.1.0"
    minimatch "^3.1.2"
    strip-json-comments "^3.1.1"

"@eslint/js@^9.19.0", "@eslint/js@9.24.0":
  version "9.24.0"

"@eslint/object-schema@^2.1.6":
  version "2.1.6"

"@eslint/plugin-kit@^0.2.7":
  version "0.2.8"
  dependencies:
    "@eslint/core" "^0.13.0"
    levn "^0.4.1"

"@humanfs/core@^0.19.1":
  version "0.19.1"

"@humanfs/node@^0.16.6":
  version "0.16.6"
  dependencies:
    "@humanfs/core" "^0.19.1"
    "@humanwhocodes/retry" "^0.3.0"

"@humanwhocodes/module-importer@^1.0.1":
  version "1.0.1"

"@humanwhocodes/retry@^0.3.0":
  version "0.3.1"

"@humanwhocodes/retry@^0.4.2":
  version "0.4.2"

"@isaacs/fs-minipass@^4.0.0":
  version "4.0.1"
  dependencies:
    minipass "^7.0.4"

"@jridgewell/gen-mapping@^0.3.5":
  version "0.3.5"
  dependencies:
    "@jridgewell/set-array" "^1.2.1"
    "@jridgewell/sourcemap-codec" "^1.4.10"
    "@jridgewell/trace-mapping" "^0.3.24"

"@jridgewell/resolve-uri@^3.1.0":
  version "3.1.2"

"@jridgewell/set-array@^1.2.1":
  version "1.2.1"

"@jridgewell/source-map@^0.3.3":
  version "0.3.6"
  dependencies:
    "@jridgewell/gen-mapping" "^0.3.5"
    "@jridgewell/trace-mapping" "^0.3.25"

"@jridgewell/sourcemap-codec@^1.4.10":
  version "1.4.14"

"@jridgewell/sourcemap-codec@^1.4.14":
  version "1.5.0"

"@jridgewell/trace-mapping@^0.3.24", "@jridgewell/trace-mapping@^0.3.25":
  version "0.3.25"
  dependencies:
    "@jridgewell/resolve-uri" "^3.1.0"
    "@jridgewell/sourcemap-codec" "^1.4.14"

"@pkgr/core@^0.2.1":
  version "0.2.2"

"@sec-ant/readable-stream@^0.4.1":
  version "0.4.1"

"@sindresorhus/is@^7.0.1":
  version "7.0.1"

"@szmarczak/http-timer@^5.0.1":
  version "5.0.1"
  dependencies:
    defer-to-connect "^2.0.1"

"@types/eslint-scope@^3.7.7":
  version "3.7.7"
  dependencies:
    "@types/eslint" "*"
    "@types/estree" "*"

"@types/eslint@*", "@types/eslint@>=8.0.0":
  version "9.6.1"
  dependencies:
    "@types/estree" "*"
    "@types/json-schema" "*"

"@types/estree@*", "@types/estree@^1.0.6":
  version "1.0.7"

"@types/http-cache-semantics@^4.0.4":
  version "4.0.4"

"@types/json-schema@*", "@types/json-schema@^7.0.15":
  version "7.0.15"

"@types/json-schema@^7.0.9":
  version "7.0.11"

"@types/node@*":
  version "18.15.11"

"@webassemblyjs/ast@^1.14.1", "@webassemblyjs/ast@1.14.1":
  version "1.14.1"
  dependencies:
    "@webassemblyjs/helper-numbers" "1.13.2"
    "@webassemblyjs/helper-wasm-bytecode" "1.13.2"

"@webassemblyjs/floating-point-hex-parser@1.13.2":
  version "1.13.2"

"@webassemblyjs/helper-api-error@1.13.2":
  version "1.13.2"

"@webassemblyjs/helper-buffer@1.14.1":
  version "1.14.1"

"@webassemblyjs/helper-numbers@1.13.2":
  version "1.13.2"
  dependencies:
    "@webassemblyjs/floating-point-hex-parser" "1.13.2"
    "@webassemblyjs/helper-api-error" "1.13.2"
    "@xtuc/long" "4.2.2"

"@webassemblyjs/helper-wasm-bytecode@1.13.2":
  version "1.13.2"

"@webassemblyjs/helper-wasm-section@1.14.1":
  version "1.14.1"
  dependencies:
    "@webassemblyjs/ast" "1.14.1"
    "@webassemblyjs/helper-buffer" "1.14.1"
    "@webassemblyjs/helper-wasm-bytecode" "1.13.2"
    "@webassemblyjs/wasm-gen" "1.14.1"

"@webassemblyjs/ieee754@1.13.2":
  version "1.13.2"
  dependencies:
    "@xtuc/ieee754" "^1.2.0"

"@webassemblyjs/leb128@1.13.2":
  version "1.13.2"
  dependencies:
    "@xtuc/long" "4.2.2"

"@webassemblyjs/utf8@1.13.2":
  version "1.13.2"

"@webassemblyjs/wasm-edit@^1.14.1":
  version "1.14.1"
  dependencies:
    "@webassemblyjs/ast" "1.14.1"
    "@webassemblyjs/helper-buffer" "1.14.1"
    "@webassemblyjs/helper-wasm-bytecode" "1.13.2"
    "@webassemblyjs/helper-wasm-section" "1.14.1"
    "@webassemblyjs/wasm-gen" "1.14.1"
    "@webassemblyjs/wasm-opt" "1.14.1"
    "@webassemblyjs/wasm-parser" "1.14.1"
    "@webassemblyjs/wast-printer" "1.14.1"

"@webassemblyjs/wasm-gen@1.14.1":
  version "1.14.1"
  dependencies:
    "@webassemblyjs/ast" "1.14.1"
    "@webassemblyjs/helper-wasm-bytecode" "1.13.2"
    "@webassemblyjs/ieee754" "1.13.2"
    "@webassemblyjs/leb128" "1.13.2"
    "@webassemblyjs/utf8" "1.13.2"

"@webassemblyjs/wasm-opt@1.14.1":
  version "1.14.1"
  dependencies:
    "@webassemblyjs/ast" "1.14.1"
    "@webassemblyjs/helper-buffer" "1.14.1"
    "@webassemblyjs/wasm-gen" "1.14.1"
    "@webassemblyjs/wasm-parser" "1.14.1"

"@webassemblyjs/wasm-parser@^1.14.1", "@webassemblyjs/wasm-parser@1.14.1":
  version "1.14.1"
  dependencies:
    "@webassemblyjs/ast" "1.14.1"
    "@webassemblyjs/helper-api-error" "1.13.2"
    "@webassemblyjs/helper-wasm-bytecode" "1.13.2"
    "@webassemblyjs/ieee754" "1.13.2"
    "@webassemblyjs/leb128" "1.13.2"
    "@webassemblyjs/utf8" "1.13.2"

"@webassemblyjs/wast-printer@1.14.1":
  version "1.14.1"
  dependencies:
    "@webassemblyjs/ast" "1.14.1"
    "@xtuc/long" "4.2.2"

"@webpack-cli/configtest@^3.0.1":
  version "3.0.1"

"@webpack-cli/info@^3.0.1":
  version "3.0.1"

"@webpack-cli/serve@^3.0.1":
  version "3.0.1"

"@xtuc/ieee754@^1.2.0":
  version "1.2.0"

"@xtuc/long@4.2.2":
  version "4.2.2"

acorn-jsx@^5.3.2:
  version "5.3.2"

"acorn@^6.0.0 || ^7.0.0 || ^8.0.0", acorn@^8.14.0:
  version "8.14.1"

acorn@^8.8.2:
  version "8.12.1"

ajv-formats@^2.1.1:
  version "2.1.1"
  dependencies:
    ajv "^8.0.0"

ajv-keywords@^5.1.0:
  version "5.1.0"
  dependencies:
    fast-deep-equal "^3.1.3"

ajv@^6.12.4:
  version "6.12.6"
  dependencies:
    fast-deep-equal "^3.1.1"
    fast-json-stable-stringify "^2.0.0"
    json-schema-traverse "^0.4.1"
    uri-js "^4.2.2"

ajv@^8.0.0, ajv@^8.17.1, ajv@^8.8.2, ajv@^8.9.0:
  version "8.17.1"
  dependencies:
    fast-deep-equal "^3.1.3"
    fast-uri "^3.0.1"
    json-schema-traverse "^1.0.0"
    require-from-string "^2.0.2"

ansi-styles@^4.1.0:
  version "4.3.0"
  dependencies:
    color-convert "^2.0.1"

argparse@^2.0.1:
  version "2.0.1"

author-regex@^1.0.0:
  version "1.0.0"

balanced-match@^1.0.0:
  version "1.0.2"

brace-expansion@^1.1.7:
  version "1.1.11"
  dependencies:
    balanced-match "^1.0.0"
    concat-map "0.0.1"

brace-expansion@^2.0.1:
  version "2.0.1"
  dependencies:
    balanced-match "^1.0.0"

browserslist@^4.24.0, "browserslist@>= 4.21.0":
  version "4.24.4"
  dependencies:
    caniuse-lite "^1.0.30001688"
    electron-to-chromium "^1.5.73"
    node-releases "^2.0.19"
    update-browserslist-db "^1.1.1"

buffer-from@^1.0.0:
  version "1.1.2"

cacheable-lookup@^7.0.0:
  version "7.0.0"

cacheable-request@^12.0.1:
  version "12.0.1"
  dependencies:
    "@types/http-cache-semantics" "^4.0.4"
    get-stream "^9.0.1"
    http-cache-semantics "^4.1.1"
    keyv "^4.5.4"
    mimic-response "^4.0.0"
    normalize-url "^8.0.1"
    responselike "^3.0.0"

callsites@^3.0.0:
  version "3.1.0"

caniuse-lite@^1.0.30001688:
  version "1.0.30001712"

chalk@^4.0.0:
  version "4.1.2"
  dependencies:
    ansi-styles "^4.1.0"
    supports-color "^7.1.0"

chownr@^3.0.0:
  version "3.0.0"

chrome-trace-event@^1.0.2:
  version "1.0.3"

clone-deep@^4.0.1:
  version "4.0.1"
  dependencies:
    is-plain-object "^2.0.4"
    kind-of "^6.0.2"
    shallow-clone "^3.0.0"

color-convert@^2.0.1:
  version "2.0.1"
  dependencies:
    color-name "~1.1.4"

color-name@~1.1.4:
  version "1.1.4"

colord@^2.9.3:
  version "2.9.3"

colorette@^2.0.14:
  version "2.0.19"

commander@^12.1.0:
  version "12.1.0"

commander@^2.20.0:
  version "2.20.3"

concat-map@0.0.1:
  version "0.0.1"

cross-spawn@^7.0.3, cross-spawn@^7.0.6:
  version "7.0.6"
  dependencies:
    path-key "^3.1.0"
    shebang-command "^2.0.0"
    which "^2.0.1"

data-uri-to-buffer@^4.0.0:
  version "4.0.1"

debug@^4.3.1:
  version "4.4.0"
  dependencies:
    ms "^2.1.3"

debug@^4.3.2:
  version "4.3.4"
  dependencies:
    ms "2.1.2"

decompress-response@^6.0.0:
  version "6.0.0"
  dependencies:
    mimic-response "^3.1.0"

deep-is@^0.1.3:
  version "0.1.4"

defer-to-connect@^2.0.1:
  version "2.0.1"

ejson@^2.2.3:
  version "2.2.3"

electron-to-chromium@^1.5.73:
  version "1.5.134"

enhanced-resolve@^5.17.1:
  version "5.17.1"
  dependencies:
    graceful-fs "^4.2.4"
    tapable "^2.2.0"

envinfo@^7.14.0:
  version "7.14.0"

es-module-lexer@^1.2.1:
  version "1.5.4"

escalade@^3.2.0:
  version "3.2.0"

escape-string-regexp@^4.0.0:
  version "4.0.0"

eslint-compat-utils@^0.5.1:
  version "0.5.1"
  dependencies:
    semver "^7.5.4"

eslint-config-prettier@^10.0.1, "eslint-config-prettier@>= 7.0.0 <10.0.0 || >=10.1.0":
  version "10.1.1"

eslint-plugin-es-x@^7.8.0:
  version "7.8.0"
  dependencies:
    "@eslint-community/eslint-utils" "^4.1.2"
    "@eslint-community/regexpp" "^4.11.0"
    eslint-compat-utils "^0.5.1"

eslint-plugin-n@^17.15.1:
  version "17.17.0"
  dependencies:
    "@eslint-community/eslint-utils" "^4.5.0"
    enhanced-resolve "^5.17.1"
    eslint-plugin-es-x "^7.8.0"
    get-tsconfig "^4.8.1"
    globals "^15.11.0"
    ignore "^5.3.2"
    minimatch "^9.0.5"
    semver "^7.6.3"

eslint-plugin-prettier@^5.2.3:
  version "5.2.6"
  dependencies:
    prettier-linter-helpers "^1.0.0"
    synckit "^0.11.0"

eslint-scope@^8.3.0:
  version "8.3.0"
  dependencies:
    esrecurse "^4.3.0"
    estraverse "^5.2.0"

eslint-scope@5.1.1:
  version "5.1.1"
  dependencies:
    esrecurse "^4.3.0"
    estraverse "^4.1.1"

eslint-visitor-keys@^3.3.0:
  version "3.4.0"

eslint-visitor-keys@^3.4.3:
  version "3.4.3"

eslint-visitor-keys@^4.2.0:
  version "4.2.0"

"eslint@^6.0.0 || ^7.0.0 || >=8.0.0", eslint@^9.0.0, eslint@^9.24.0, eslint@>=6.0.0, eslint@>=7.0.0, eslint@>=8, eslint@>=8.0.0, eslint@>=8.23.0:
  version "9.24.0"
  dependencies:
    "@eslint-community/eslint-utils" "^4.2.0"
    "@eslint-community/regexpp" "^4.12.1"
    "@eslint/config-array" "^0.20.0"
    "@eslint/config-helpers" "^0.2.0"
    "@eslint/core" "^0.12.0"
    "@eslint/eslintrc" "^3.3.1"
    "@eslint/js" "9.24.0"
    "@eslint/plugin-kit" "^0.2.7"
    "@humanfs/node" "^0.16.6"
    "@humanwhocodes/module-importer" "^1.0.1"
    "@humanwhocodes/retry" "^0.4.2"
    "@types/estree" "^1.0.6"
    "@types/json-schema" "^7.0.15"
    ajv "^6.12.4"
    chalk "^4.0.0"
    cross-spawn "^7.0.6"
    debug "^4.3.2"
    escape-string-regexp "^4.0.0"
    eslint-scope "^8.3.0"
    eslint-visitor-keys "^4.2.0"
    espree "^10.3.0"
    esquery "^1.5.0"
    esutils "^2.0.2"
    fast-deep-equal "^3.1.3"
    file-entry-cache "^8.0.0"
    find-up "^5.0.0"
    glob-parent "^6.0.2"
    ignore "^5.2.0"
    imurmurhash "^0.1.4"
    is-glob "^4.0.0"
    json-stable-stringify-without-jsonify "^1.0.1"
    lodash.merge "^4.6.2"
    minimatch "^3.1.2"
    natural-compare "^1.4.0"
    optionator "^0.9.3"

espree@^10.0.1, espree@^10.3.0:
  version "10.3.0"
  dependencies:
    acorn "^8.14.0"
    acorn-jsx "^5.3.2"
    eslint-visitor-keys "^4.2.0"

esquery@^1.5.0:
  version "1.6.0"
  dependencies:
    estraverse "^5.1.0"

esrecurse@^4.3.0:
  version "4.3.0"
  dependencies:
    estraverse "^5.2.0"

estraverse@^4.1.1:
  version "4.3.0"

estraverse@^5.1.0, estraverse@^5.2.0:
  version "5.3.0"

esutils@^2.0.2:
  version "2.0.3"

eventemitter3@^4.0.4:
  version "4.0.7"

eventemitter3@^5.0.1:
  version "5.0.1"

events@^3.2.0:
  version "3.3.0"

fast-deep-equal@^3.1.1, fast-deep-equal@^3.1.3:
  version "3.1.3"

fast-diff@^1.1.2:
  version "1.2.0"

fast-json-stable-stringify@^2.0.0:
  version "2.1.0"

fast-levenshtein@^2.0.6:
  version "2.0.6"

fast-uri@^3.0.1:
  version "3.0.6"

fastest-levenshtein@^1.0.12:
  version "1.0.16"

fetch-blob@^3.1.2, fetch-blob@^3.1.4:
  version "3.2.0"
  dependencies:
    node-domexception "^1.0.0"
    web-streams-polyfill "^3.0.3"

file-entry-cache@^8.0.0:
  version "8.0.0"
  dependencies:
    flat-cache "^4.0.0"

find-up@^4.0.0:
  version "4.1.0"
  dependencies:
    locate-path "^5.0.0"
    path-exists "^4.0.0"

find-up@^5.0.0:
  version "5.0.0"
  dependencies:
    locate-path "^6.0.0"
    path-exists "^4.0.0"

find-up@^7.0.0:
  version "7.0.0"
  dependencies:
    locate-path "^7.2.0"
    path-exists "^5.0.0"
    unicorn-magic "^0.1.0"

flat-cache@^4.0.0:
  version "4.0.1"
  dependencies:
    flatted "^3.2.9"
    keyv "^4.5.4"

flat@^5.0.2:
  version "5.0.2"

flatted@^3.2.9:
  version "3.3.3"

form-data-encoder@^4.0.2:
  version "4.0.2"

formdata-polyfill@^4.0.10:
  version "4.0.10"
  dependencies:
    fetch-blob "^3.1.2"

function-bind@^1.1.1:
  version "1.1.1"

get-stream@^9.0.1:
  version "9.0.1"
  dependencies:
    "@sec-ant/readable-stream" "^0.4.1"
    is-stream "^4.0.1"

get-tsconfig@^4.8.1:
  version "4.10.0"
  dependencies:
    resolve-pkg-maps "^1.0.0"

glob-parent@^6.0.2:
  version "6.0.2"
  dependencies:
    is-glob "^4.0.3"

glob-to-regexp@^0.4.1:
  version "0.4.1"

globals@^14.0.0:
  version "14.0.0"

globals@^15.11.0:
  version "15.15.0"

got@^14.4.7:
  version "14.4.7"
  dependencies:
    "@sindresorhus/is" "^7.0.1"
    "@szmarczak/http-timer" "^5.0.1"
    cacheable-lookup "^7.0.0"
    cacheable-request "^12.0.1"
    decompress-response "^6.0.0"
    form-data-encoder "^4.0.2"
    http2-wrapper "^2.2.1"
    lowercase-keys "^3.0.0"
    p-cancelable "^4.0.1"
    responselike "^3.0.0"
    type-fest "^4.26.1"

graceful-fs@^4.1.2, graceful-fs@^4.2.11, graceful-fs@^4.2.4:
  version "4.2.11"

has-flag@^4.0.0:
  version "4.0.0"

has@^1.0.3:
  version "1.0.3"
  dependencies:
    function-bind "^1.1.1"

http-cache-semantics@^4.1.1:
  version "4.1.1"

http2-wrapper@^2.2.1:
  version "2.2.1"
  dependencies:
    quick-lru "^5.1.1"
    resolve-alpn "^1.2.0"

ignore@^5.2.0:
  version "5.2.4"

ignore@^5.3.2:
  version "5.3.2"

import-fresh@^3.2.1:
  version "3.3.0"
  dependencies:
    parent-module "^1.0.0"
    resolve-from "^4.0.0"

import-local@^3.0.2:
  version "3.1.0"
  dependencies:
    pkg-dir "^4.2.0"
    resolve-cwd "^3.0.0"

imurmurhash@^0.1.4:
  version "0.1.4"

interpret@^3.1.1:
  version "3.1.1"

is-core-module@^2.9.0:
  version "2.11.0"
  dependencies:
    has "^1.0.3"

is-extglob@^2.1.1:
  version "2.1.1"

is-glob@^4.0.0, is-glob@^4.0.3:
  version "4.0.3"
  dependencies:
    is-extglob "^2.1.1"

is-plain-object@^2.0.4:
  version "2.0.4"
  dependencies:
    isobject "^3.0.1"

is-stream@^4.0.1:
  version "4.0.1"

isexe@^2.0.0:
  version "2.0.0"

isobject@^3.0.1:
  version "3.0.1"

jest-worker@^27.4.5:
  version "27.5.1"
  dependencies:
    "@types/node" "*"
    merge-stream "^2.0.0"
    supports-color "^8.0.0"

js-yaml@^4.1.0:
  version "4.1.0"
  dependencies:
    argparse "^2.0.1"

json-buffer@3.0.1:
  version "3.0.1"

json-parse-even-better-errors@^2.3.1:
  version "2.3.1"

json-schema-traverse@^0.4.1:
  version "0.4.1"

json-schema-traverse@^1.0.0:
  version "1.0.0"

json-stable-stringify-without-jsonify@^1.0.1:
  version "1.0.1"

keyv@^4.5.4:
  version "4.5.4"
  dependencies:
    json-buffer "3.0.1"

kind-of@^6.0.2:
  version "6.0.3"

levn@^0.4.1:
  version "0.4.1"
  dependencies:
    prelude-ls "^1.2.1"
    type-check "~0.4.0"

loader-runner@^4.2.0:
  version "4.3.0"

locate-path@^5.0.0:
  version "5.0.0"
  dependencies:
    p-locate "^4.1.0"

locate-path@^6.0.0:
  version "6.0.0"
  dependencies:
    p-locate "^5.0.0"

locate-path@^7.2.0:
  version "7.2.0"
  dependencies:
    p-locate "^6.0.0"

lodash.merge@^4.6.2:
  version "4.6.2"

lowercase-keys@^3.0.0:
  version "3.0.0"

merge-stream@^2.0.0:
  version "2.0.0"

mime-db@1.52.0:
  version "1.52.0"

mime-types@^2.1.27:
  version "2.1.35"
  dependencies:
    mime-db "1.52.0"

mimic-fn@^3.1.0:
  version "3.1.0"

mimic-response@^3.1.0:
  version "3.1.0"

mimic-response@^4.0.0:
  version "4.0.0"

minimatch@^3.1.2:
  version "3.1.2"
  dependencies:
    brace-expansion "^1.1.7"

minimatch@^9.0.5:
  version "9.0.5"
  dependencies:
    brace-expansion "^2.0.1"

minipass@^7.0.4, minipass@^7.1.2:
  version "7.1.2"

minizlib@^3.0.1:
  version "3.0.2"
  dependencies:
    minipass "^7.1.2"

mkdirp@^3.0.1:
  version "3.0.1"

ms@^2.1.3:
  version "2.1.3"

ms@2.1.2:
  version "2.1.2"

nanoid@^3.3.8:
  version "3.3.11"

natural-compare@^1.4.0:
  version "1.4.0"

neo-async@^2.6.2:
  version "2.6.2"

node-domexception@^1.0.0:
  version "1.0.0"

node-fetch@^3.3.2:
  version "3.3.2"
  dependencies:
    data-uri-to-buffer "^4.0.0"
    fetch-blob "^3.1.4"
    formdata-polyfill "^4.0.10"

node-releases@^2.0.19:
  version "2.0.19"

normalize-url@^8.0.1:
  version "8.0.1"

optionator@^0.9.3:
  version "0.9.4"
  dependencies:
    deep-is "^0.1.3"
    fast-levenshtein "^2.0.6"
    levn "^0.4.1"
    prelude-ls "^1.2.1"
    type-check "^0.4.0"
    word-wrap "^1.2.5"

p-cancelable@^4.0.1:
  version "4.0.1"

p-finally@^1.0.0:
  version "1.0.0"

p-limit@^2.2.0:
  version "2.3.0"
  dependencies:
    p-try "^2.0.0"

p-limit@^3.0.2:
  version "3.1.0"
  dependencies:
    yocto-queue "^0.1.0"

p-limit@^4.0.0:
  version "4.0.0"
  dependencies:
    yocto-queue "^1.0.0"

p-locate@^4.1.0:
  version "4.1.0"
  dependencies:
    p-limit "^2.2.0"

p-locate@^5.0.0:
  version "5.0.0"
  dependencies:
    p-limit "^3.0.2"

p-locate@^6.0.0:
  version "6.0.0"
  dependencies:
    p-limit "^4.0.0"

p-queue@^6.6.2:
  version "6.6.2"
  dependencies:
    eventemitter3 "^4.0.4"
    p-timeout "^3.2.0"

p-timeout@^3.2.0:
  version "3.2.0"
  dependencies:
    p-finally "^1.0.0"

p-timeout@^4.1.0:
  version "4.1.0"

p-try@^2.0.0:
  version "2.2.0"

parent-module@^1.0.0:
  version "1.0.1"
  dependencies:
    callsites "^3.0.0"

parse-author@^2.0.0:
  version "2.0.0"
  dependencies:
    author-regex "^1.0.0"

path-exists@^4.0.0:
  version "4.0.0"

path-exists@^5.0.0:
  version "5.0.0"

path-key@^3.1.0:
  version "3.1.1"

path-parse@^1.0.7:
  version "1.0.7"

picocolors@^1.1.1:
  version "1.1.1"

pkg-dir@^4.2.0:
  version "4.2.0"
  dependencies:
    find-up "^4.0.0"

prelude-ls@^1.2.1:
  version "1.2.1"

prettier-linter-helpers@^1.0.0:
  version "1.0.0"
  dependencies:
    fast-diff "^1.1.2"

prettier@^3.0.0, prettier@^3.5.3, prettier@>=3.0.0:
  version "3.5.3"

punycode@^2.1.0:
  version "2.3.0"

quick-lru@^5.1.1:
  version "5.1.1"

randombytes@^2.1.0:
  version "2.1.0"
  dependencies:
    safe-buffer "^5.1.0"

rechoir@^0.8.0:
  version "0.8.0"
  dependencies:
    resolve "^1.20.0"

require-from-string@^2.0.2:
  version "2.0.2"

resolve-alpn@^1.2.0:
  version "1.2.1"

resolve-cwd@^3.0.0:
  version "3.0.0"
  dependencies:
    resolve-from "^5.0.0"

resolve-from@^4.0.0:
  version "4.0.0"

resolve-from@^5.0.0:
  version "5.0.0"

resolve-pkg-maps@^1.0.0:
  version "1.0.0"

resolve@^1.20.0:
  version "1.22.1"
  dependencies:
    is-core-module "^2.9.0"
    path-parse "^1.0.7"
    supports-preserve-symlinks-flag "^1.0.0"

responselike@^3.0.0:
  version "3.0.0"
  dependencies:
    lowercase-keys "^3.0.0"

safe-buffer@^5.1.0:
  version "5.2.1"

schema-utils@^4.3.0:
  version "4.3.0"
  dependencies:
    "@types/json-schema" "^7.0.9"
    ajv "^8.9.0"
    ajv-formats "^2.1.1"
    ajv-keywords "^5.1.0"

semver@^7.5.4, semver@^7.6.3, semver@^7.7.1:
  version "7.7.1"

serialize-javascript@^6.0.2:
  version "6.0.2"
  dependencies:
    randombytes "^2.1.0"

shallow-clone@^3.0.0:
  version "3.0.1"
  dependencies:
    kind-of "^6.0.2"

shebang-command@^2.0.0:
  version "2.0.0"
  dependencies:
    shebang-regex "^3.0.0"

shebang-regex@^3.0.0:
  version "3.0.0"

source-map-support@~0.5.20:
  version "0.5.21"
  dependencies:
    buffer-from "^1.0.0"
    source-map "^0.6.0"

source-map@^0.6.0:
  version "0.6.1"

strip-json-comments@^3.1.1:
  version "3.1.1"

supports-color@^7.1.0:
  version "7.2.0"
  dependencies:
    has-flag "^4.0.0"

supports-color@^8.0.0:
  version "8.1.1"
  dependencies:
    has-flag "^4.0.0"

supports-preserve-symlinks-flag@^1.0.0:
  version "1.0.0"

synckit@^0.11.0:
  version "0.11.3"
  dependencies:
    "@pkgr/core" "^0.2.1"
    tslib "^2.8.1"

tapable@^2.1.1, tapable@^2.2.0:
  version "2.2.1"

tar@^7.4.3:
  version "7.4.3"
  dependencies:
    "@isaacs/fs-minipass" "^4.0.0"
    chownr "^3.0.0"
    minipass "^7.1.2"
    minizlib "^3.0.1"
    mkdirp "^3.0.1"
    yallist "^5.0.0"

terser-webpack-plugin@^5.3.11:
  version "5.3.14"
  dependencies:
    "@jridgewell/trace-mapping" "^0.3.25"
    jest-worker "^27.4.5"
    schema-utils "^4.3.0"
    serialize-javascript "^6.0.2"
    terser "^5.31.1"

terser@^5.31.1:
  version "5.39.0"
  dependencies:
    "@jridgewell/source-map" "^0.3.3"
    acorn "^8.8.2"
    commander "^2.20.0"
    source-map-support "~0.5.20"

tslib@^2.8.1:
  version "2.8.1"

type-check@^0.4.0, type-check@~0.4.0:
  version "0.4.0"
  dependencies:
    prelude-ls "^1.2.1"

type-fest@^4.26.1:
  version "4.39.1"

unicorn-magic@^0.1.0:
  version "0.1.0"

update-browserslist-db@^1.1.1:
  version "1.1.3"
  dependencies:
    escalade "^3.2.0"
    picocolors "^1.1.1"

uri-js@^4.2.2:
  version "4.4.1"
  dependencies:
    punycode "^2.1.0"

watchpack@^2.4.1:
  version "2.4.2"
  dependencies:
    glob-to-regexp "^0.4.1"
    graceful-fs "^4.1.2"

web-streams-polyfill@^3.0.3:
  version "3.3.3"

webpack-cli@^6.0.1, webpack-cli@6.x.x:
  version "6.0.1"
  dependencies:
    "@discoveryjs/json-ext" "^0.6.1"
    "@webpack-cli/configtest" "^3.0.1"
    "@webpack-cli/info" "^3.0.1"
    "@webpack-cli/serve" "^3.0.1"
    colorette "^2.0.14"
    commander "^12.1.0"
    cross-spawn "^7.0.3"
    envinfo "^7.14.0"
    fastest-levenshtein "^1.0.12"
    import-local "^3.0.2"
    interpret "^3.1.1"
    rechoir "^0.8.0"
    webpack-merge "^6.0.1"

webpack-merge@^6.0.1:
  version "6.0.1"
  dependencies:
    clone-deep "^4.0.1"
    flat "^5.0.2"
    wildcard "^2.0.1"

webpack-sources@^3.2.3:
  version "3.2.3"

webpack@^5.1.0, webpack@^5.82.0, webpack@^5.97.1:
  version "5.99.5"
  dependencies:
    "@types/eslint-scope" "^3.7.7"
    "@types/estree" "^1.0.6"
    "@webassemblyjs/ast" "^1.14.1"
    "@webassemblyjs/wasm-edit" "^1.14.1"
    "@webassemblyjs/wasm-parser" "^1.14.1"
    acorn "^8.14.0"
    browserslist "^4.24.0"
    chrome-trace-event "^1.0.2"
    enhanced-resolve "^5.17.1"
    es-module-lexer "^1.2.1"
    eslint-scope "5.1.1"
    events "^3.2.0"
    glob-to-regexp "^0.4.1"
    graceful-fs "^4.2.11"
    json-parse-even-better-errors "^2.3.1"
    loader-runner "^4.2.0"
    mime-types "^2.1.27"
    neo-async "^2.6.2"
    schema-utils "^4.3.0"
    tapable "^2.1.1"
    terser-webpack-plugin "^5.3.11"
    watchpack "^2.4.1"
    webpack-sources "^3.2.3"

which@^2.0.1:
  version "2.0.2"
  dependencies:
    isexe "^2.0.0"

wildcard@^2.0.1:
  version "2.0.1"

word-wrap@^1.2.5:
  version "1.2.5"

yallist@^5.0.0:
  version "5.0.0"

yocto-queue@^0.1.0:
  version "0.1.0"

yocto-queue@^1.0.0:
  version "1.0.0"

zx@^8.3.2:
  version "8.5.2"
